
Microsoft Visual Studio Solution File, Format Version 12.00
# Visual Studio Version 16
VisualStudioVersion = 16.0.30114.105
MinimumVisualStudioVersion = 10.0.40219.1
Project("{FAE04EC0-301F-11D3-BF4B-00C04F79EFBC}") = "R5T.D0051.Base", "R5T.D0051.Base\R5T.D0051.Base.csproj", "{EE4F2B30-3DD3-48DC-9563-699EEBFBC0E1}"
EndProject
Project("{FAE04EC0-301F-11D3-BF4B-00C04F79EFBC}") = "R5T.D0051.Construction", "R5T.D0051.Construction\R5T.D0051.Construction.csproj", "{67C51A01-AAFE-44A7-8C97-C5FF47254716}"
EndProject
Project("{FAE04EC0-301F-11D3-BF4B-00C04F79EFBC}") = "R5T.D0051.Gmail.LessSecure", "R5T.D0051.Gmail.LessSecure\R5T.D0051.Gmail.LessSecure.csproj", "{6BD91DFA-8A3B-479D-8A11-0E2328371C56}"
EndProject
Project("{FAE04EC0-301F-11D3-BF4B-00C04F79EFBC}") = "R5T.D0051.Net.Mail.Base", "R5T.D0051.Net.Mail.Base\R5T.D0051.Net.Mail.Base.csproj", "{3D5F381D-9977-48FD-8051-4896646BD369}"
EndProject
Project("{FAE04EC0-301F-11D3-BF4B-00C04F79EFBC}") = "R5T.D0051.OutputDirectory", "R5T.D0051.OutputDirectory\R5T.D0051.OutputDirectory.csproj", "{F8D2C2DA-07D8-4BDA-AC0E-D20E5DB81BCA}"
EndProject
Project("{9A19103F-16F7-4668-BE54-9A1E7A4F7556}") = "R5T.T0064", "..\..\R5T.T0064\source\R5T.T0064\R5T.T0064.csproj", "{7D8B6F35-4C21-4F35-8E09-F4C84DD04710}"
EndProject
Project("{2150E333-8FDC-42A3-9474-1A3956D46DE8}") = "_Dependencies", "_Dependencies", "{BAB0EB51-4865-45E0-8F89-5F46F6919F6A}"
EndProject
Project("{9A19103F-16F7-4668-BE54-9A1E7A4F7556}") = "R5T.Aalborg.Extensions", "..\..\R5T.Aalborg\source\R5T.Aalborg.Extensions\R5T.Aalborg.Extensions.csproj", "{0FB1FE34-FBC7-44E6-A9F9-9C96528E4BA5}"
EndProject
Project("{9A19103F-16F7-4668-BE54-9A1E7A4F7556}") = "R5T.Aalborg.Abstractions", "..\..\R5T.Aalborg\source\R5T.Aalborg.Abstractions\R5T.Aalborg.Abstractions.csproj", "{F68AFE6B-3A3F-4D44-9D3C-CB1FEF685056}"
EndProject
Project("{9A19103F-16F7-4668-BE54-9A1E7A4F7556}") = "R5T.D0053.Base", "..\..\R5T.D0053\source\R5T.D0053.Base\R5T.D0053.Base.csproj", "{2B54C652-EBCD-4E42-AC17-113453C8E782}"
EndProject
Project("{9A19103F-16F7-4668-BE54-9A1E7A4F7556}") = "R5T.Dacia.Extensions", "..\..\R5T.Dacia.Extensions\source\R5T.Dacia.Extensions\R5T.Dacia.Extensions.csproj", "{9D09BB40-9F8E-4002-B14A-27F7D883948B}"
EndProject
Project("{9A19103F-16F7-4668-BE54-9A1E7A4F7556}") = "R5T.Dacia", "..\..\R5T.Dacia\source\R5T.Dacia\R5T.Dacia.csproj", "{19264732-2DD1-4F82-8AAF-67EC3392B3B9}"
EndProject
Project("{9A19103F-16F7-4668-BE54-9A1E7A4F7556}") = "R5T.Langobard", "..\..\R5T.Langobard\source\R5T.Langobard\R5T.Langobard.csproj", "{ADC1430E-FD31-48B7-ACF6-F5AB1260C98A}"
EndProject
Project("{9A19103F-16F7-4668-BE54-9A1E7A4F7556}") = "R5T.D0055.Base", "..\..\R5T.D0055\source\R5T.D0055.Base\R5T.D0055.Base.csproj", "{1B9231B5-3392-44F7-9040-4A8030227C03}"
EndProject
Global
	GlobalSection(SolutionConfigurationPlatforms) = preSolution
		Debug|Any CPU = Debug|Any CPU
		Debug|x64 = Debug|x64
		Debug|x86 = Debug|x86
		Release|Any CPU = Release|Any CPU
		Release|x64 = Release|x64
		Release|x86 = Release|x86
	EndGlobalSection
	GlobalSection(ProjectConfigurationPlatforms) = postSolution
		{EE4F2B30-3DD3-48DC-9563-699EEBFBC0E1}.Debug|Any CPU.ActiveCfg = Debug|Any CPU
		{EE4F2B30-3DD3-48DC-9563-699EEBFBC0E1}.Debug|Any CPU.Build.0 = Debug|Any CPU
		{EE4F2B30-3DD3-48DC-9563-699EEBFBC0E1}.Debug|x64.ActiveCfg = Debug|Any CPU
		{EE4F2B30-3DD3-48DC-9563-699EEBFBC0E1}.Debug|x64.Build.0 = Debug|Any CPU
		{EE4F2B30-3DD3-48DC-9563-699EEBFBC0E1}.Debug|x86.ActiveCfg = Debug|Any CPU
		{EE4F2B30-3DD3-48DC-9563-699EEBFBC0E1}.Debug|x86.Build.0 = Debug|Any CPU
		{EE4F2B30-3DD3-48DC-9563-699EEBFBC0E1}.Release|Any CPU.ActiveCfg = Release|Any CPU
		{EE4F2B30-3DD3-48DC-9563-699EEBFBC0E1}.Release|Any CPU.Build.0 = Release|Any CPU
		{EE4F2B30-3DD3-48DC-9563-699EEBFBC0E1}.Release|x64.ActiveCfg = Release|Any CPU
		{EE4F2B30-3DD3-48DC-9563-699EEBFBC0E1}.Release|x64.Build.0 = Release|Any CPU
		{EE4F2B30-3DD3-48DC-9563-699EEBFBC0E1}.Release|x86.ActiveCfg = Release|Any CPU
		{EE4F2B30-3DD3-48DC-9563-699EEBFBC0E1}.Release|x86.Build.0 = Release|Any CPU
		{67C51A01-AAFE-44A7-8C97-C5FF47254716}.Debug|Any CPU.ActiveCfg = Debug|Any CPU
		{67C51A01-AAFE-44A7-8C97-C5FF47254716}.Debug|Any CPU.Build.0 = Debug|Any CPU
		{67C51A01-AAFE-44A7-8C97-C5FF47254716}.Debug|x64.ActiveCfg = Debug|Any CPU
		{67C51A01-AAFE-44A7-8C97-C5FF47254716}.Debug|x64.Build.0 = Debug|Any CPU
		{67C51A01-AAFE-44A7-8C97-C5FF47254716}.Debug|x86.ActiveCfg = Debug|Any CPU
		{67C51A01-AAFE-44A7-8C97-C5FF47254716}.Debug|x86.Build.0 = Debug|Any CPU
		{67C51A01-AAFE-44A7-8C97-C5FF47254716}.Release|Any CPU.ActiveCfg = Release|Any CPU
		{67C51A01-AAFE-44A7-8C97-C5FF47254716}.Release|Any CPU.Build.0 = Release|Any CPU
		{67C51A01-AAFE-44A7-8C97-C5FF47254716}.Release|x64.ActiveCfg = Release|Any CPU
		{67C51A01-AAFE-44A7-8C97-C5FF47254716}.Release|x64.Build.0 = Release|Any CPU
		{67C51A01-AAFE-44A7-8C97-C5FF47254716}.Release|x86.ActiveCfg = Release|Any CPU
		{67C51A01-AAFE-44A7-8C97-C5FF47254716}.Release|x86.Build.0 = Release|Any CPU
		{6BD91DFA-8A3B-479D-8A11-0E2328371C56}.Debug|Any CPU.ActiveCfg = Debug|Any CPU
		{6BD91DFA-8A3B-479D-8A11-0E2328371C56}.Debug|Any CPU.Build.0 = Debug|Any CPU
		{6BD91DFA-8A3B-479D-8A11-0E2328371C56}.Debug|x64.ActiveCfg = Debug|Any CPU
		{6BD91DFA-8A3B-479D-8A11-0E2328371C56}.Debug|x64.Build.0 = Debug|Any CPU
		{6BD91DFA-8A3B-479D-8A11-0E2328371C56}.Debug|x86.ActiveCfg = Debug|Any CPU
		{6BD91DFA-8A3B-479D-8A11-0E2328371C56}.Debug|x86.Build.0 = Debug|Any CPU
		{6BD91DFA-8A3B-479D-8A11-0E2328371C56}.Release|Any CPU.ActiveCfg = Release|Any CPU
		{6BD91DFA-8A3B-479D-8A11-0E2328371C56}.Release|Any CPU.Build.0 = Release|Any CPU
		{6BD91DFA-8A3B-479D-8A11-0E2328371C56}.Release|x64.ActiveCfg = Release|Any CPU
		{6BD91DFA-8A3B-479D-8A11-0E2328371C56}.Release|x64.Build.0 = Release|Any CPU
		{6BD91DFA-8A3B-479D-8A11-0E2328371C56}.Release|x86.ActiveCfg = Release|Any CPU
		{6BD91DFA-8A3B-479D-8A11-0E2328371C56}.Release|x86.Build.0 = Release|Any CPU
		{3D5F381D-9977-48FD-8051-4896646BD369}.Debug|Any CPU.ActiveCfg = Debug|Any CPU
		{3D5F381D-9977-48FD-8051-4896646BD369}.Debug|Any CPU.Build.0 = Debug|Any CPU
		{3D5F381D-9977-48FD-8051-4896646BD369}.Debug|x64.ActiveCfg = Debug|Any CPU
		{3D5F381D-9977-48FD-8051-4896646BD369}.Debug|x64.Build.0 = Debug|Any CPU
		{3D5F381D-9977-48FD-8051-4896646BD369}.Debug|x86.ActiveCfg = Debug|Any CPU
		{3D5F381D-9977-48FD-8051-4896646BD369}.Debug|x86.Build.0 = Debug|Any CPU
		{3D5F381D-9977-48FD-8051-4896646BD369}.Release|Any CPU.ActiveCfg = Release|Any CPU
		{3D5F381D-9977-48FD-8051-4896646BD369}.Release|Any CPU.Build.0 = Release|Any CPU
		{3D5F381D-9977-48FD-8051-4896646BD369}.Release|x64.ActiveCfg = Release|Any CPU
		{3D5F381D-9977-48FD-8051-4896646BD369}.Release|x64.Build.0 = Release|Any CPU
		{3D5F381D-9977-48FD-8051-4896646BD369}.Release|x86.ActiveCfg = Release|Any CPU
		{3D5F381D-9977-48FD-8051-4896646BD369}.Release|x86.Build.0 = Release|Any CPU
		{F8D2C2DA-07D8-4BDA-AC0E-D20E5DB81BCA}.Debug|Any CPU.ActiveCfg = Debug|Any CPU
		{F8D2C2DA-07D8-4BDA-AC0E-D20E5DB81BCA}.Debug|Any CPU.Build.0 = Debug|Any CPU
		{F8D2C2DA-07D8-4BDA-AC0E-D20E5DB81BCA}.Debug|x64.ActiveCfg = Debug|Any CPU
		{F8D2C2DA-07D8-4BDA-AC0E-D20E5DB81BCA}.Debug|x64.Build.0 = Debug|Any CPU
		{F8D2C2DA-07D8-4BDA-AC0E-D20E5DB81BCA}.Debug|x86.ActiveCfg = Debug|Any CPU
		{F8D2C2DA-07D8-4BDA-AC0E-D20E5DB81BCA}.Debug|x86.Build.0 = Debug|Any CPU
		{F8D2C2DA-07D8-4BDA-AC0E-D20E5DB81BCA}.Release|Any CPU.ActiveCfg = Release|Any CPU
		{F8D2C2DA-07D8-4BDA-AC0E-D20E5DB81BCA}.Release|Any CPU.Build.0 = Release|Any CPU
		{F8D2C2DA-07D8-4BDA-AC0E-D20E5DB81BCA}.Release|x64.ActiveCfg = Release|Any CPU
		{F8D2C2DA-07D8-4BDA-AC0E-D20E5DB81BCA}.Release|x64.Build.0 = Release|Any CPU
		{F8D2C2DA-07D8-4BDA-AC0E-D20E5DB81BCA}.Release|x86.ActiveCfg = Release|Any CPU
		{F8D2C2DA-07D8-4BDA-AC0E-D20E5DB81BCA}.Release|x86.Build.0 = Release|Any CPU
		{7D8B6F35-4C21-4F35-8E09-F4C84DD04710}.Debug|Any CPU.ActiveCfg = Debug|Any CPU
		{7D8B6F35-4C21-4F35-8E09-F4C84DD04710}.Debug|Any CPU.Build.0 = Debug|Any CPU
		{7D8B6F35-4C21-4F35-8E09-F4C84DD04710}.Debug|x64.ActiveCfg = Debug|Any CPU
		{7D8B6F35-4C21-4F35-8E09-F4C84DD04710}.Debug|x64.Build.0 = Debug|Any CPU
		{7D8B6F35-4C21-4F35-8E09-F4C84DD04710}.Debug|x86.ActiveCfg = Debug|Any CPU
		{7D8B6F35-4C21-4F35-8E09-F4C84DD04710}.Debug|x86.Build.0 = Debug|Any CPU
		{7D8B6F35-4C21-4F35-8E09-F4C84DD04710}.Release|Any CPU.ActiveCfg = Release|Any CPU
		{7D8B6F35-4C21-4F35-8E09-F4C84DD04710}.Release|Any CPU.Build.0 = Release|Any CPU
		{7D8B6F35-4C21-4F35-8E09-F4C84DD04710}.Release|x64.ActiveCfg = Release|Any CPU
		{7D8B6F35-4C21-4F35-8E09-F4C84DD04710}.Release|x64.Build.0 = Release|Any CPU
		{7D8B6F35-4C21-4F35-8E09-F4C84DD04710}.Release|x86.ActiveCfg = Release|Any CPU
		{7D8B6F35-4C21-4F35-8E09-F4C84DD04710}.Release|x86.Build.0 = Release|Any CPU
		{0FB1FE34-FBC7-44E6-A9F9-9C96528E4BA5}.Debug|Any CPU.ActiveCfg = Debug|Any CPU
		{0FB1FE34-FBC7-44E6-A9F9-9C96528E4BA5}.Debug|Any CPU.Build.0 = Debug|Any CPU
		{0FB1FE34-FBC7-44E6-A9F9-9C96528E4BA5}.Debug|x64.ActiveCfg = Debug|Any CPU
		{0FB1FE34-FBC7-44E6-A9F9-9C96528E4BA5}.Debug|x64.Build.0 = Debug|Any CPU
		{0FB1FE34-FBC7-44E6-A9F9-9C96528E4BA5}.Debug|x86.ActiveCfg = Debug|Any CPU
		{0FB1FE34-FBC7-44E6-A9F9-9C96528E4BA5}.Debug|x86.Build.0 = Debug|Any CPU
		{0FB1FE34-FBC7-44E6-A9F9-9C96528E4BA5}.Release|Any CPU.ActiveCfg = Release|Any CPU
		{0FB1FE34-FBC7-44E6-A9F9-9C96528E4BA5}.Release|Any CPU.Build.0 = Release|Any CPU
		{0FB1FE34-FBC7-44E6-A9F9-9C96528E4BA5}.Release|x64.ActiveCfg = Release|Any CPU
		{0FB1FE34-FBC7-44E6-A9F9-9C96528E4BA5}.Release|x64.Build.0 = Release|Any CPU
		{0FB1FE34-FBC7-44E6-A9F9-9C96528E4BA5}.Release|x86.ActiveCfg = Release|Any CPU
		{0FB1FE34-FBC7-44E6-A9F9-9C96528E4BA5}.Release|x86.Build.0 = Release|Any CPU
		{F68AFE6B-3A3F-4D44-9D3C-CB1FEF685056}.Debug|Any CPU.ActiveCfg = Debug|Any CPU
		{F68AFE6B-3A3F-4D44-9D3C-CB1FEF685056}.Debug|Any CPU.Build.0 = Debug|Any CPU
		{F68AFE6B-3A3F-4D44-9D3C-CB1FEF685056}.Debug|x64.ActiveCfg = Debug|Any CPU
		{F68AFE6B-3A3F-4D44-9D3C-CB1FEF685056}.Debug|x64.Build.0 = Debug|Any CPU
		{F68AFE6B-3A3F-4D44-9D3C-CB1FEF685056}.Debug|x86.ActiveCfg = Debug|Any CPU
		{F68AFE6B-3A3F-4D44-9D3C-CB1FEF685056}.Debug|x86.Build.0 = Debug|Any CPU
		{F68AFE6B-3A3F-4D44-9D3C-CB1FEF685056}.Release|Any CPU.ActiveCfg = Release|Any CPU
		{F68AFE6B-3A3F-4D44-9D3C-CB1FEF685056}.Release|Any CPU.Build.0 = Release|Any CPU
		{F68AFE6B-3A3F-4D44-9D3C-CB1FEF685056}.Release|x64.ActiveCfg = Release|Any CPU
		{F68AFE6B-3A3F-4D44-9D3C-CB1FEF685056}.Release|x64.Build.0 = Release|Any CPU
		{F68AFE6B-3A3F-4D44-9D3C-CB1FEF685056}.Release|x86.ActiveCfg = Release|Any CPU
		{F68AFE6B-3A3F-4D44-9D3C-CB1FEF685056}.Release|x86.Build.0 = Release|Any CPU
		{2B54C652-EBCD-4E42-AC17-113453C8E782}.Debug|Any CPU.ActiveCfg = Debug|Any CPU
		{2B54C652-EBCD-4E42-AC17-113453C8E782}.Debug|Any CPU.Build.0 = Debug|Any CPU
		{2B54C652-EBCD-4E42-AC17-113453C8E782}.Debug|x64.ActiveCfg = Debug|Any CPU
		{2B54C652-EBCD-4E42-AC17-113453C8E782}.Debug|x64.Build.0 = Debug|Any CPU
		{2B54C652-EBCD-4E42-AC17-113453C8E782}.Debug|x86.ActiveCfg = Debug|Any CPU
		{2B54C652-EBCD-4E42-AC17-113453C8E782}.Debug|x86.Build.0 = Debug|Any CPU
		{2B54C652-EBCD-4E42-AC17-113453C8E782}.Release|Any CPU.ActiveCfg = Release|Any CPU
		{2B54C652-EBCD-4E42-AC17-113453C8E782}.Release|Any CPU.Build.0 = Release|Any CPU
		{2B54C652-EBCD-4E42-AC17-113453C8E782}.Release|x64.ActiveCfg = Release|Any CPU
		{2B54C652-EBCD-4E42-AC17-113453C8E782}.Release|x64.Build.0 = Release|Any CPU
		{2B54C652-EBCD-4E42-AC17-113453C8E782}.Release|x86.ActiveCfg = Release|Any CPU
		{2B54C652-EBCD-4E42-AC17-113453C8E782}.Release|x86.Build.0 = Release|Any CPU
		{9D09BB40-9F8E-4002-B14A-27F7D883948B}.Debug|Any CPU.ActiveCfg = Debug|Any CPU
		{9D09BB40-9F8E-4002-B14A-27F7D883948B}.Debug|Any CPU.Build.0 = Debug|Any CPU
		{9D09BB40-9F8E-4002-B14A-27F7D883948B}.Debug|x64.ActiveCfg = Debug|Any CPU
		{9D09BB40-9F8E-4002-B14A-27F7D883948B}.Debug|x64.Build.0 = Debug|Any CPU
		{9D09BB40-9F8E-4002-B14A-27F7D883948B}.Debug|x86.ActiveCfg = Debug|Any CPU
		{9D09BB40-9F8E-4002-B14A-27F7D883948B}.Debug|x86.Build.0 = Debug|Any CPU
		{9D09BB40-9F8E-4002-B14A-27F7D883948B}.Release|Any CPU.ActiveCfg = Release|Any CPU
		{9D09BB40-9F8E-4002-B14A-27F7D883948B}.Release|Any CPU.Build.0 = Release|Any CPU
		{9D09BB40-9F8E-4002-B14A-27F7D883948B}.Release|x64.ActiveCfg = Release|Any CPU
		{9D09BB40-9F8E-4002-B14A-27F7D883948B}.Release|x64.Build.0 = Release|Any CPU
		{9D09BB40-9F8E-4002-B14A-27F7D883948B}.Release|x86.ActiveCfg = Release|Any CPU
		{9D09BB40-9F8E-4002-B14A-27F7D883948B}.Release|x86.Build.0 = Release|Any CPU
		{19264732-2DD1-4F82-8AAF-67EC3392B3B9}.Debug|Any CPU.ActiveCfg = Debug|Any CPU
		{19264732-2DD1-4F82-8AAF-67EC3392B3B9}.Debug|Any CPU.Build.0 = Debug|Any CPU
		{19264732-2DD1-4F82-8AAF-67EC3392B3B9}.Debug|x64.ActiveCfg = Debug|Any CPU
		{19264732-2DD1-4F82-8AAF-67EC3392B3B9}.Debug|x64.Build.0 = Debug|Any CPU
		{19264732-2DD1-4F82-8AAF-67EC3392B3B9}.Debug|x86.ActiveCfg = Debug|Any CPU
		{19264732-2DD1-4F82-8AAF-67EC3392B3B9}.Debug|x86.Build.0 = Debug|Any CPU
		{19264732-2DD1-4F82-8AAF-67EC3392B3B9}.Release|Any CPU.ActiveCfg = Release|Any CPU
		{19264732-2DD1-4F82-8AAF-67EC3392B3B9}.Release|Any CPU.Build.0 = Release|Any CPU
		{19264732-2DD1-4F82-8AAF-67EC3392B3B9}.Release|x64.ActiveCfg = Release|Any CPU
		{19264732-2DD1-4F82-8AAF-67EC3392B3B9}.Release|x64.Build.0 = Release|Any CPU
		{19264732-2DD1-4F82-8AAF-67EC3392B3B9}.Release|x86.ActiveCfg = Release|Any CPU
		{19264732-2DD1-4F82-8AAF-67EC3392B3B9}.Release|x86.Build.0 = Release|Any CPU
		{ADC1430E-FD31-48B7-ACF6-F5AB1260C98A}.Debug|Any CPU.ActiveCfg = Debug|Any CPU
		{ADC1430E-FD31-48B7-ACF6-F5AB1260C98A}.Debug|Any CPU.Build.0 = Debug|Any CPU
		{ADC1430E-FD31-48B7-ACF6-F5AB1260C98A}.Debug|x64.ActiveCfg = Debug|Any CPU
		{ADC1430E-FD31-48B7-ACF6-F5AB1260C98A}.Debug|x64.Build.0 = Debug|Any CPU
		{ADC1430E-FD31-48B7-ACF6-F5AB1260C98A}.Debug|x86.ActiveCfg = Debug|Any CPU
		{ADC1430E-FD31-48B7-ACF6-F5AB1260C98A}.Debug|x86.Build.0 = Debug|Any CPU
		{ADC1430E-FD31-48B7-ACF6-F5AB1260C98A}.Release|Any CPU.ActiveCfg = Release|Any CPU
		{ADC1430E-FD31-48B7-ACF6-F5AB1260C98A}.Release|Any CPU.Build.0 = Release|Any CPU
		{ADC1430E-FD31-48B7-ACF6-F5AB1260C98A}.Release|x64.ActiveCfg = Release|Any CPU
		{ADC1430E-FD31-48B7-ACF6-F5AB1260C98A}.Release|x64.Build.0 = Release|Any CPU
		{ADC1430E-FD31-48B7-ACF6-F5AB1260C98A}.Release|x86.ActiveCfg = Release|Any CPU
		{ADC1430E-FD31-48B7-ACF6-F5AB1260C98A}.Release|x86.Build.0 = Release|Any CPU
		{1B9231B5-3392-44F7-9040-4A8030227C03}.Debug|Any CPU.ActiveCfg = Debug|Any CPU
		{1B9231B5-3392-44F7-9040-4A8030227C03}.Debug|Any CPU.Build.0 = Debug|Any CPU
		{1B9231B5-3392-44F7-9040-4A8030227C03}.Debug|x64.ActiveCfg = Debug|Any CPU
		{1B9231B5-3392-44F7-9040-4A8030227C03}.Debug|x64.Build.0 = Debug|Any CPU
		{1B9231B5-3392-44F7-9040-4A8030227C03}.Debug|x86.ActiveCfg = Debug|Any CPU
		{1B9231B5-3392-44F7-9040-4A8030227C03}.Debug|x86.Build.0 = Debug|Any CPU
		{1B9231B5-3392-44F7-9040-4A8030227C03}.Release|Any CPU.ActiveCfg = Release|Any CPU
		{1B9231B5-3392-44F7-9040-4A8030227C03}.Release|Any CPU.Build.0 = Release|Any CPU
		{1B9231B5-3392-44F7-9040-4A8030227C03}.Release|x64.ActiveCfg = Release|Any CPU
		{1B9231B5-3392-44F7-9040-4A8030227C03}.Release|x64.Build.0 = Release|Any CPU
		{1B9231B5-3392-44F7-9040-4A8030227C03}.Release|x86.ActiveCfg = Release|Any CPU
		{1B9231B5-3392-44F7-9040-4A8030227C03}.Release|x86.Build.0 = Release|Any CPU
	EndGlobalSection
	GlobalSection(SolutionProperties) = preSolution
		HideSolutionNode = FALSE
	EndGlobalSection
	GlobalSection(NestedProjects) = preSolution
		{7D8B6F35-4C21-4F35-8E09-F4C84DD04710} = {BAB0EB51-4865-45E0-8F89-5F46F6919F6A}
		{0FB1FE34-FBC7-44E6-A9F9-9C96528E4BA5} = {BAB0EB51-4865-45E0-8F89-5F46F6919F6A}
		{F68AFE6B-3A3F-4D44-9D3C-CB1FEF685056} = {BAB0EB51-4865-45E0-8F89-5F46F6919F6A}
		{2B54C652-EBCD-4E42-AC17-113453C8E782} = {BAB0EB51-4865-45E0-8F89-5F46F6919F6A}
		{9D09BB40-9F8E-4002-B14A-27F7D883948B} = {BAB0EB51-4865-45E0-8F89-5F46F6919F6A}
		{19264732-2DD1-4F82-8AAF-67EC3392B3B9} = {BAB0EB51-4865-45E0-8F89-5F46F6919F6A}
		{ADC1430E-FD31-48B7-ACF6-F5AB1260C98A} = {BAB0EB51-4865-45E0-8F89-5F46F6919F6A}
		{1B9231B5-3392-44F7-9040-4A8030227C03} = {BAB0EB51-4865-45E0-8F89-5F46F6919F6A}
	EndGlobalSection
	GlobalSection(ExtensibilityGlobals) = postSolution
		SolutionGuid = {99808181-495A-48AB-AEBF-BB60106C0F55}
	EndGlobalSection
EndGlobal
