
Microsoft Visual Studio Solution File, Format Version 12.00
# Visual Studio 15
VisualStudioVersion = 15.0.28307.1401
MinimumVisualStudioVersion = 10.0.40219.1
Project("{9A19103F-16F7-4668-BE54-9A1E7A4F7556}") = "R5T.D0051.Net.Mail.Base", "R5T.D0051.Net.Mail.Base\R5T.D0051.Net.Mail.Base.csproj", "{1A63BB02-EF51-44B2-A958-8C9C603290A3}"
EndProject
Project("{9A19103F-16F7-4668-BE54-9A1E7A4F7556}") = "R5T.D0051.Base", "R5T.D0051.Base\R5T.D0051.Base.csproj", "{3E06BC4F-3BC3-40DD-A0B5-8C06165F5993}"
EndProject
Project("{2150E333-8FDC-42A3-9474-1A3956D46DE8}") = "_Dependencies", "_Dependencies", "{326437E7-D5E1-4CDF-A9E9-C835EC198345}"
EndProject
Project("{FAE04EC0-301F-11D3-BF4B-00C04F79EFBC}") = "R5T.D0051.Gmail.LessSecure", "..\R5T.D0051.Gmail.LessSecure\R5T.D0051.Gmail.LessSecure.csproj", "{C8C7ED49-9B76-4873-A521-430ACBEC98EA}"
EndProject
Project("{9A19103F-16F7-4668-BE54-9A1E7A4F7556}") = "R5T.Dacia.Extensions", "..\..\R5T.Dacia.Extensions\source\R5T.Dacia.Extensions\R5T.Dacia.Extensions.csproj", "{F3234765-03AD-45E4-ADBA-3FC9F67F663E}"
EndProject
Project("{9A19103F-16F7-4668-BE54-9A1E7A4F7556}") = "R5T.Dacia", "..\..\R5T.Dacia\source\R5T.Dacia\R5T.Dacia.csproj", "{1E6B4A5C-C739-42A1-B3B0-8C535C6D08A1}"
EndProject
Project("{9A19103F-16F7-4668-BE54-9A1E7A4F7556}") = "R5T.Aalborg.Abstractions", "..\..\R5T.Aalborg\source\R5T.Aalborg.Abstractions\R5T.Aalborg.Abstractions.csproj", "{1185CCE9-9DF8-4B8B-AAFF-6854D557BE65}"
EndProject
Project("{9A19103F-16F7-4668-BE54-9A1E7A4F7556}") = "R5T.Langobard", "..\..\R5T.Langobard\source\R5T.Langobard\R5T.Langobard.csproj", "{05C25137-5BA1-42B8-9302-0FFB620EEA0C}"
EndProject
Project("{9A19103F-16F7-4668-BE54-9A1E7A4F7556}") = "R5T.D0053.Base", "..\..\R5T.D0053\source\R5T.D0053.Base\R5T.D0053.Base.csproj", "{1C00D4F7-92E4-410A-9C13-78F62B1F67EF}"
EndProject
Project("{9A19103F-16F7-4668-BE54-9A1E7A4F7556}") = "R5T.Aalborg.Extensions", "..\..\R5T.Aalborg\source\R5T.Aalborg.Extensions\R5T.Aalborg.Extensions.csproj", "{29742143-B813-4490-8B83-FA42FEC22353}"
EndProject
Global
	GlobalSection(SolutionConfigurationPlatforms) = preSolution
		Debug|Any CPU = Debug|Any CPU
		Release|Any CPU = Release|Any CPU
	EndGlobalSection
	GlobalSection(ProjectConfigurationPlatforms) = postSolution
		{1A63BB02-EF51-44B2-A958-8C9C603290A3}.Debug|Any CPU.ActiveCfg = Debug|Any CPU
		{1A63BB02-EF51-44B2-A958-8C9C603290A3}.Debug|Any CPU.Build.0 = Debug|Any CPU
		{1A63BB02-EF51-44B2-A958-8C9C603290A3}.Release|Any CPU.ActiveCfg = Release|Any CPU
		{1A63BB02-EF51-44B2-A958-8C9C603290A3}.Release|Any CPU.Build.0 = Release|Any CPU
		{3E06BC4F-3BC3-40DD-A0B5-8C06165F5993}.Debug|Any CPU.ActiveCfg = Debug|Any CPU
		{3E06BC4F-3BC3-40DD-A0B5-8C06165F5993}.Debug|Any CPU.Build.0 = Debug|Any CPU
		{3E06BC4F-3BC3-40DD-A0B5-8C06165F5993}.Release|Any CPU.ActiveCfg = Release|Any CPU
		{3E06BC4F-3BC3-40DD-A0B5-8C06165F5993}.Release|Any CPU.Build.0 = Release|Any CPU
		{C8C7ED49-9B76-4873-A521-430ACBEC98EA}.Debug|Any CPU.ActiveCfg = Debug|Any CPU
		{C8C7ED49-9B76-4873-A521-430ACBEC98EA}.Debug|Any CPU.Build.0 = Debug|Any CPU
		{C8C7ED49-9B76-4873-A521-430ACBEC98EA}.Release|Any CPU.ActiveCfg = Release|Any CPU
		{C8C7ED49-9B76-4873-A521-430ACBEC98EA}.Release|Any CPU.Build.0 = Release|Any CPU
		{F3234765-03AD-45E4-ADBA-3FC9F67F663E}.Debug|Any CPU.ActiveCfg = Debug|Any CPU
		{F3234765-03AD-45E4-ADBA-3FC9F67F663E}.Debug|Any CPU.Build.0 = Debug|Any CPU
		{F3234765-03AD-45E4-ADBA-3FC9F67F663E}.Release|Any CPU.ActiveCfg = Release|Any CPU
		{F3234765-03AD-45E4-ADBA-3FC9F67F663E}.Release|Any CPU.Build.0 = Release|Any CPU
		{1E6B4A5C-C739-42A1-B3B0-8C535C6D08A1}.Debug|Any CPU.ActiveCfg = Debug|Any CPU
		{1E6B4A5C-C739-42A1-B3B0-8C535C6D08A1}.Debug|Any CPU.Build.0 = Debug|Any CPU
		{1E6B4A5C-C739-42A1-B3B0-8C535C6D08A1}.Release|Any CPU.ActiveCfg = Release|Any CPU
		{1E6B4A5C-C739-42A1-B3B0-8C535C6D08A1}.Release|Any CPU.Build.0 = Release|Any CPU
		{1185CCE9-9DF8-4B8B-AAFF-6854D557BE65}.Debug|Any CPU.ActiveCfg = Debug|Any CPU
		{1185CCE9-9DF8-4B8B-AAFF-6854D557BE65}.Debug|Any CPU.Build.0 = Debug|Any CPU
		{1185CCE9-9DF8-4B8B-AAFF-6854D557BE65}.Release|Any CPU.ActiveCfg = Release|Any CPU
		{1185CCE9-9DF8-4B8B-AAFF-6854D557BE65}.Release|Any CPU.Build.0 = Release|Any CPU
		{05C25137-5BA1-42B8-9302-0FFB620EEA0C}.Debug|Any CPU.ActiveCfg = Debug|Any CPU
		{05C25137-5BA1-42B8-9302-0FFB620EEA0C}.Debug|Any CPU.Build.0 = Debug|Any CPU
		{05C25137-5BA1-42B8-9302-0FFB620EEA0C}.Release|Any CPU.ActiveCfg = Release|Any CPU
		{05C25137-5BA1-42B8-9302-0FFB620EEA0C}.Release|Any CPU.Build.0 = Release|Any CPU
		{1C00D4F7-92E4-410A-9C13-78F62B1F67EF}.Debug|Any CPU.ActiveCfg = Debug|Any CPU
		{1C00D4F7-92E4-410A-9C13-78F62B1F67EF}.Debug|Any CPU.Build.0 = Debug|Any CPU
		{1C00D4F7-92E4-410A-9C13-78F62B1F67EF}.Release|Any CPU.ActiveCfg = Release|Any CPU
		{1C00D4F7-92E4-410A-9C13-78F62B1F67EF}.Release|Any CPU.Build.0 = Release|Any CPU
		{29742143-B813-4490-8B83-FA42FEC22353}.Debug|Any CPU.ActiveCfg = Debug|Any CPU
		{29742143-B813-4490-8B83-FA42FEC22353}.Debug|Any CPU.Build.0 = Debug|Any CPU
		{29742143-B813-4490-8B83-FA42FEC22353}.Release|Any CPU.ActiveCfg = Release|Any CPU
		{29742143-B813-4490-8B83-FA42FEC22353}.Release|Any CPU.Build.0 = Release|Any CPU
	EndGlobalSection
	GlobalSection(SolutionProperties) = preSolution
		HideSolutionNode = FALSE
	EndGlobalSection
	GlobalSection(NestedProjects) = preSolution
		{1A63BB02-EF51-44B2-A958-8C9C603290A3} = {326437E7-D5E1-4CDF-A9E9-C835EC198345}
		{3E06BC4F-3BC3-40DD-A0B5-8C06165F5993} = {326437E7-D5E1-4CDF-A9E9-C835EC198345}
		{F3234765-03AD-45E4-ADBA-3FC9F67F663E} = {326437E7-D5E1-4CDF-A9E9-C835EC198345}
		{1E6B4A5C-C739-42A1-B3B0-8C535C6D08A1} = {326437E7-D5E1-4CDF-A9E9-C835EC198345}
		{1185CCE9-9DF8-4B8B-AAFF-6854D557BE65} = {326437E7-D5E1-4CDF-A9E9-C835EC198345}
		{05C25137-5BA1-42B8-9302-0FFB620EEA0C} = {326437E7-D5E1-4CDF-A9E9-C835EC198345}
		{1C00D4F7-92E4-410A-9C13-78F62B1F67EF} = {326437E7-D5E1-4CDF-A9E9-C835EC198345}
		{29742143-B813-4490-8B83-FA42FEC22353} = {326437E7-D5E1-4CDF-A9E9-C835EC198345}
	EndGlobalSection
	GlobalSection(ExtensibilityGlobals) = postSolution
		SolutionGuid = {8A1485A4-92F6-4B7F-BA71-4229B790453C}
	EndGlobalSection
EndGlobal
