
Microsoft Visual Studio Solution File, Format Version 12.00
# Visual Studio 15
VisualStudioVersion = 15.0.26124.0
MinimumVisualStudioVersion = 15.0.26124.0
Project("{9A19103F-16F7-4668-BE54-9A1E7A4F7556}") = "R5T.D0051.Construction", "R5T.D0051.Construction\R5T.D0051.Construction.csproj", "{31B36AD9-5284-4BA3-BB42-725CBF3E44ED}"
EndProject
Project("{9A19103F-16F7-4668-BE54-9A1E7A4F7556}") = "R5T.D0051", "R5T.D0051\R5T.D0051.csproj", "{1D638C2C-9482-4499-87CD-1F5030FF21CC}"
EndProject
Project("{FAE04EC0-301F-11D3-BF4B-00C04F79EFBC}") = "R5T.D0051.Base", "R5T.D0051.Base\R5T.D0051.Base.csproj", "{A9A58F92-82CA-405E-B225-832CEFC80059}"
EndProject
Project("{FAE04EC0-301F-11D3-BF4B-00C04F79EFBC}") = "R5T.D0051.Net.Mail", "R5T.D0051.Net.Mail\R5T.D0051.Net.Mail.csproj", "{33982080-0702-4144-ABAA-BE5E3278E146}"
EndProject
Global
	GlobalSection(SolutionConfigurationPlatforms) = preSolution
		Debug|Any CPU = Debug|Any CPU
		Debug|x64 = Debug|x64
		Debug|x86 = Debug|x86
		Release|Any CPU = Release|Any CPU
		Release|x64 = Release|x64
		Release|x86 = Release|x86
	EndGlobalSection
	GlobalSection(ProjectConfigurationPlatforms) = postSolution
		{31B36AD9-5284-4BA3-BB42-725CBF3E44ED}.Debug|Any CPU.ActiveCfg = Debug|Any CPU
		{31B36AD9-5284-4BA3-BB42-725CBF3E44ED}.Debug|Any CPU.Build.0 = Debug|Any CPU
		{31B36AD9-5284-4BA3-BB42-725CBF3E44ED}.Debug|x64.ActiveCfg = Debug|Any CPU
		{31B36AD9-5284-4BA3-BB42-725CBF3E44ED}.Debug|x64.Build.0 = Debug|Any CPU
		{31B36AD9-5284-4BA3-BB42-725CBF3E44ED}.Debug|x86.ActiveCfg = Debug|Any CPU
		{31B36AD9-5284-4BA3-BB42-725CBF3E44ED}.Debug|x86.Build.0 = Debug|Any CPU
		{31B36AD9-5284-4BA3-BB42-725CBF3E44ED}.Release|Any CPU.ActiveCfg = Release|Any CPU
		{31B36AD9-5284-4BA3-BB42-725CBF3E44ED}.Release|Any CPU.Build.0 = Release|Any CPU
		{31B36AD9-5284-4BA3-BB42-725CBF3E44ED}.Release|x64.ActiveCfg = Release|Any CPU
		{31B36AD9-5284-4BA3-BB42-725CBF3E44ED}.Release|x64.Build.0 = Release|Any CPU
		{31B36AD9-5284-4BA3-BB42-725CBF3E44ED}.Release|x86.ActiveCfg = Release|Any CPU
		{31B36AD9-5284-4BA3-BB42-725CBF3E44ED}.Release|x86.Build.0 = Release|Any CPU
		{1D638C2C-9482-4499-87CD-1F5030FF21CC}.Debug|Any CPU.ActiveCfg = Debug|Any CPU
		{1D638C2C-9482-4499-87CD-1F5030FF21CC}.Debug|Any CPU.Build.0 = Debug|Any CPU
		{1D638C2C-9482-4499-87CD-1F5030FF21CC}.Debug|x64.ActiveCfg = Debug|Any CPU
		{1D638C2C-9482-4499-87CD-1F5030FF21CC}.Debug|x64.Build.0 = Debug|Any CPU
		{1D638C2C-9482-4499-87CD-1F5030FF21CC}.Debug|x86.ActiveCfg = Debug|Any CPU
		{1D638C2C-9482-4499-87CD-1F5030FF21CC}.Debug|x86.Build.0 = Debug|Any CPU
		{1D638C2C-9482-4499-87CD-1F5030FF21CC}.Release|Any CPU.ActiveCfg = Release|Any CPU
		{1D638C2C-9482-4499-87CD-1F5030FF21CC}.Release|Any CPU.Build.0 = Release|Any CPU
		{1D638C2C-9482-4499-87CD-1F5030FF21CC}.Release|x64.ActiveCfg = Release|Any CPU
		{1D638C2C-9482-4499-87CD-1F5030FF21CC}.Release|x64.Build.0 = Release|Any CPU
		{1D638C2C-9482-4499-87CD-1F5030FF21CC}.Release|x86.ActiveCfg = Release|Any CPU
		{1D638C2C-9482-4499-87CD-1F5030FF21CC}.Release|x86.Build.0 = Release|Any CPU
		{A9A58F92-82CA-405E-B225-832CEFC80059}.Debug|Any CPU.ActiveCfg = Debug|Any CPU
		{A9A58F92-82CA-405E-B225-832CEFC80059}.Debug|Any CPU.Build.0 = Debug|Any CPU
		{A9A58F92-82CA-405E-B225-832CEFC80059}.Debug|x64.ActiveCfg = Debug|Any CPU
		{A9A58F92-82CA-405E-B225-832CEFC80059}.Debug|x64.Build.0 = Debug|Any CPU
		{A9A58F92-82CA-405E-B225-832CEFC80059}.Debug|x86.ActiveCfg = Debug|Any CPU
		{A9A58F92-82CA-405E-B225-832CEFC80059}.Debug|x86.Build.0 = Debug|Any CPU
		{A9A58F92-82CA-405E-B225-832CEFC80059}.Release|Any CPU.ActiveCfg = Release|Any CPU
		{A9A58F92-82CA-405E-B225-832CEFC80059}.Release|Any CPU.Build.0 = Release|Any CPU
		{A9A58F92-82CA-405E-B225-832CEFC80059}.Release|x64.ActiveCfg = Release|Any CPU
		{A9A58F92-82CA-405E-B225-832CEFC80059}.Release|x64.Build.0 = Release|Any CPU
		{A9A58F92-82CA-405E-B225-832CEFC80059}.Release|x86.ActiveCfg = Release|Any CPU
		{A9A58F92-82CA-405E-B225-832CEFC80059}.Release|x86.Build.0 = Release|Any CPU
		{33982080-0702-4144-ABAA-BE5E3278E146}.Debug|Any CPU.ActiveCfg = Debug|Any CPU
		{33982080-0702-4144-ABAA-BE5E3278E146}.Debug|Any CPU.Build.0 = Debug|Any CPU
		{33982080-0702-4144-ABAA-BE5E3278E146}.Debug|x64.ActiveCfg = Debug|Any CPU
		{33982080-0702-4144-ABAA-BE5E3278E146}.Debug|x64.Build.0 = Debug|Any CPU
		{33982080-0702-4144-ABAA-BE5E3278E146}.Debug|x86.ActiveCfg = Debug|Any CPU
		{33982080-0702-4144-ABAA-BE5E3278E146}.Debug|x86.Build.0 = Debug|Any CPU
		{33982080-0702-4144-ABAA-BE5E3278E146}.Release|Any CPU.ActiveCfg = Release|Any CPU
		{33982080-0702-4144-ABAA-BE5E3278E146}.Release|Any CPU.Build.0 = Release|Any CPU
		{33982080-0702-4144-ABAA-BE5E3278E146}.Release|x64.ActiveCfg = Release|Any CPU
		{33982080-0702-4144-ABAA-BE5E3278E146}.Release|x64.Build.0 = Release|Any CPU
		{33982080-0702-4144-ABAA-BE5E3278E146}.Release|x86.ActiveCfg = Release|Any CPU
		{33982080-0702-4144-ABAA-BE5E3278E146}.Release|x86.Build.0 = Release|Any CPU
	EndGlobalSection
	GlobalSection(SolutionProperties) = preSolution
		HideSolutionNode = FALSE
	EndGlobalSection
	GlobalSection(ExtensibilityGlobals) = postSolution
		SolutionGuid = {5DD20627-8C76-4232-82F1-5F9D66B43052}
	EndGlobalSection
EndGlobal
